
Microsoft Visual Studio Solution File, Format Version 12.00
# Visual Studio 15
VisualStudioVersion = 15.0.28307.572
MinimumVisualStudioVersion = 10.0.40219.1
Project("{FAE04EC0-301F-11D3-BF4B-00C04F79EFBC}") = "ErrorDiffusionDithering", "ErrorDiffusionDithering\ErrorDiffusionDithering.csproj", "{F5F40A73-BBB8-4D5F-A80E-7DF42AD68B32}"
EndProject
Project("{FAE04EC0-301F-11D3-BF4B-00C04F79EFBC}") = "Threshold", "Threshold\Threshold.csproj", "{62C3245B-349B-4395-8F39-B40B76E7BAFE}"
EndProject
Project("{FAE04EC0-301F-11D3-BF4B-00C04F79EFBC}") = "TrippyRainbow", "TrippyRainbow\TrippyRainbow.csproj", "{11792FC4-53C3-4037-A1C2-2F5A98FCF963}"
EndProject
Global
	GlobalSection(SolutionConfigurationPlatforms) = preSolution
		Debug|Any CPU = Debug|Any CPU
		Release|Any CPU = Release|Any CPU
	EndGlobalSection
	GlobalSection(ProjectConfigurationPlatforms) = postSolution
		{F5F40A73-BBB8-4D5F-A80E-7DF42AD68B32}.Debug|Any CPU.ActiveCfg = Debug|Any CPU
		{F5F40A73-BBB8-4D5F-A80E-7DF42AD68B32}.Debug|Any CPU.Build.0 = Debug|Any CPU
		{F5F40A73-BBB8-4D5F-A80E-7DF42AD68B32}.Release|Any CPU.ActiveCfg = Release|Any CPU
		{F5F40A73-BBB8-4D5F-A80E-7DF42AD68B32}.Release|Any CPU.Build.0 = Release|Any CPU
		{62C3245B-349B-4395-8F39-B40B76E7BAFE}.Debug|Any CPU.ActiveCfg = Debug|Any CPU
		{62C3245B-349B-4395-8F39-B40B76E7BAFE}.Debug|Any CPU.Build.0 = Debug|Any CPU
		{62C3245B-349B-4395-8F39-B40B76E7BAFE}.Release|Any CPU.ActiveCfg = Release|Any CPU
		{62C3245B-349B-4395-8F39-B40B76E7BAFE}.Release|Any CPU.Build.0 = Release|Any CPU
		{11792FC4-53C3-4037-A1C2-2F5A98FCF963}.Debug|Any CPU.ActiveCfg = Debug|Any CPU
		{11792FC4-53C3-4037-A1C2-2F5A98FCF963}.Debug|Any CPU.Build.0 = Debug|Any CPU
		{11792FC4-53C3-4037-A1C2-2F5A98FCF963}.Release|Any CPU.ActiveCfg = Release|Any CPU
		{11792FC4-53C3-4037-A1C2-2F5A98FCF963}.Release|Any CPU.Build.0 = Release|Any CPU
	EndGlobalSection
	GlobalSection(SolutionProperties) = preSolution
		HideSolutionNode = FALSE
	EndGlobalSection
	GlobalSection(ExtensibilityGlobals) = postSolution
		SolutionGuid = {45ED3BCF-A479-4D6B-916A-0E5E9F23FCED}
	EndGlobalSection
EndGlobal
